
Microsoft Visual Studio Solution File, Format Version 12.00
Project("{FAE04EC0-301F-11D3-BF4B-00C04F79EFBC}") = "Repro", "RiderTestRunCrashRepro\Repro.csproj", "{AABC05E6-DCE4-4EC3-B8BD-3E46229056C7}"
EndProject
Global
	GlobalSection(SolutionConfigurationPlatforms) = preSolution
		Debug|Any CPU = Debug|Any CPU
		Release|Any CPU = Release|Any CPU
	EndGlobalSection
	GlobalSection(ProjectConfigurationPlatforms) = postSolution
		{AABC05E6-DCE4-4EC3-B8BD-3E46229056C7}.Debug|Any CPU.ActiveCfg = Debug|Any CPU
		{AABC05E6-DCE4-4EC3-B8BD-3E46229056C7}.Debug|Any CPU.Build.0 = Debug|Any CPU
		{AABC05E6-DCE4-4EC3-B8BD-3E46229056C7}.Release|Any CPU.ActiveCfg = Release|Any CPU
		{AABC05E6-DCE4-4EC3-B8BD-3E46229056C7}.Release|Any CPU.Build.0 = Release|Any CPU
	EndGlobalSection
EndGlobal
